
Microsoft Visual Studio Solution File, Format Version 12.00
# Visual Studio 15
Project("{FAE04EC0-301F-11D3-BF4B-00C04F79EFBC}") = "Assembly-CSharp", "Assembly-CSharp.csproj", "{CE40F4CE-2E2E-ED2C-6FB1-29BF1B1285C6}"
EndProject
Project("{FAE04EC0-301F-11D3-BF4B-00C04F79EFBC}") = "Assembly-CSharp-firstpass", "Assembly-CSharp-firstpass.csproj", "{EC831ECB-96D6-E27F-7BE7-FC0152C61D67}"
EndProject
Project("{FAE04EC0-301F-11D3-BF4B-00C04F79EFBC}") = "Assembly-CSharp-Editor", "Assembly-CSharp-Editor.csproj", "{4A263AB3-9015-6808-71CA-035BEF28937C}"
EndProject
Project("{FAE04EC0-301F-11D3-BF4B-00C04F79EFBC}") = "Assembly-CSharp-Editor-firstpass", "Assembly-CSharp-Editor-firstpass.csproj", "{945D81FA-61BD-3F47-5A26-7BE70BF1EFB7}"
EndProject
Global
	GlobalSection(SolutionConfigurationPlatforms) = preSolution
		Debug|Any CPU = Debug|Any CPU
		Release|Any CPU = Release|Any CPU
	EndGlobalSection
	GlobalSection(ProjectConfigurationPlatforms) = postSolution
		{CE40F4CE-2E2E-ED2C-6FB1-29BF1B1285C6}.Debug|Any CPU.ActiveCfg = Debug|Any CPU
		{CE40F4CE-2E2E-ED2C-6FB1-29BF1B1285C6}.Debug|Any CPU.Build.0 = Debug|Any CPU
		{CE40F4CE-2E2E-ED2C-6FB1-29BF1B1285C6}.Release|Any CPU.ActiveCfg = Release|Any CPU
		{CE40F4CE-2E2E-ED2C-6FB1-29BF1B1285C6}.Release|Any CPU.Build.0 = Release|Any CPU
		{EC831ECB-96D6-E27F-7BE7-FC0152C61D67}.Debug|Any CPU.ActiveCfg = Debug|Any CPU
		{EC831ECB-96D6-E27F-7BE7-FC0152C61D67}.Debug|Any CPU.Build.0 = Debug|Any CPU
		{EC831ECB-96D6-E27F-7BE7-FC0152C61D67}.Release|Any CPU.ActiveCfg = Release|Any CPU
		{EC831ECB-96D6-E27F-7BE7-FC0152C61D67}.Release|Any CPU.Build.0 = Release|Any CPU
		{4A263AB3-9015-6808-71CA-035BEF28937C}.Debug|Any CPU.ActiveCfg = Debug|Any CPU
		{4A263AB3-9015-6808-71CA-035BEF28937C}.Debug|Any CPU.Build.0 = Debug|Any CPU
		{4A263AB3-9015-6808-71CA-035BEF28937C}.Release|Any CPU.ActiveCfg = Release|Any CPU
		{4A263AB3-9015-6808-71CA-035BEF28937C}.Release|Any CPU.Build.0 = Release|Any CPU
		{945D81FA-61BD-3F47-5A26-7BE70BF1EFB7}.Debug|Any CPU.ActiveCfg = Debug|Any CPU
		{945D81FA-61BD-3F47-5A26-7BE70BF1EFB7}.Debug|Any CPU.Build.0 = Debug|Any CPU
		{945D81FA-61BD-3F47-5A26-7BE70BF1EFB7}.Release|Any CPU.ActiveCfg = Release|Any CPU
		{945D81FA-61BD-3F47-5A26-7BE70BF1EFB7}.Release|Any CPU.Build.0 = Release|Any CPU
	EndGlobalSection
	GlobalSection(SolutionProperties) = preSolution
		HideSolutionNode = FALSE
	EndGlobalSection
EndGlobal
